// !$*UTF8*$!
{
	archiveVersion = 1;
	classes = {
	};
	objectVersion = 50;
	objects = {

/* Begin PBXBuildFile section */
		18AEC2E921EF12CA0025BBF7 /* AppDelegate.swift in Sources */ = {isa = PBXBuildFile; fileRef = 18AEC2E821EF12CA0025BBF7 /* AppDelegate.swift */; };
		18AEC2EB21EF12CA0025BBF7 /* JsAppInteractiveController.swift in Sources */ = {isa = PBXBuildFile; fileRef = 18AEC2EA21EF12CA0025BBF7 /* JsAppInteractiveController.swift */; };
		18AEC2EE21EF12CA0025BBF7 /* Main.storyboard in Resources */ = {isa = PBXBuildFile; fileRef = 18AEC2EC21EF12CA0025BBF7 /* Main.storyboard */; };
		18AEC2F021EF12CC0025BBF7 /* Assets.xcassets in Resources */ = {isa = PBXBuildFile; fileRef = 18AEC2EF21EF12CC0025BBF7 /* Assets.xcassets */; };
		18AEC2F321EF12CC0025BBF7 /* LaunchScreen.storyboard in Resources */ = {isa = PBXBuildFile; fileRef = 18AEC2F121EF12CC0025BBF7 /* LaunchScreen.storyboard */; };
		18AEC2FB21EF12F90025BBF7 /* JLXXWKWebViewController.swift in Sources */ = {isa = PBXBuildFile; fileRef = 18AEC2FA21EF12F90025BBF7 /* JLXXWKWebViewController.swift */; };
		18AEC30621EF17B10025BBF7 /* UrlStringFromBundle.swift in Sources */ = {isa = PBXBuildFile; fileRef = 18AEC30521EF17B10025BBF7 /* UrlStringFromBundle.swift */; };
		18AEC30821EF24D30025BBF7 /* web.bundle in Resources */ = {isa = PBXBuildFile; fileRef = 18AEC30721EF24D30025BBF7 /* web.bundle */; };
		18AEC30A21EF332A0025BBF7 /* 我在不在web文件夹下?.txt in Resources */ = {isa = PBXBuildFile; fileRef = 18AEC30921EF332A0025BBF7 /* 我在不在web文件夹下?.txt */; };
		18AEC30C21EF36070025BBF7 /* web2.bundle in Resources */ = {isa = PBXBuildFile; fileRef = 18AEC30B21EF36070025BBF7 /* web2.bundle */; };
		18AEC30E21EF366D0025BBF7 /* HashPathController.swift in Sources */ = {isa = PBXBuildFile; fileRef = 18AEC30D21EF366D0025BBF7 /* HashPathController.swift */; };
		18AEC31221EF37D10025BBF7 /* DeveloperController.swift in Sources */ = {isa = PBXBuildFile; fileRef = 18AEC30F21EF37D00025BBF7 /* DeveloperController.swift */; };
		18AEC31321EF37D10025BBF7 /* EventDetailController.swift in Sources */ = {isa = PBXBuildFile; fileRef = 18AEC31021EF37D10025BBF7 /* EventDetailController.swift */; };
		18AEC31421EF37D10025BBF7 /* ReplyDetailController.swift in Sources */ = {isa = PBXBuildFile; fileRef = 18AEC31121EF37D10025BBF7 /* ReplyDetailController.swift */; };
		18AEC31621EF48C10025BBF7 /* ViewController.swift in Sources */ = {isa = PBXBuildFile; fileRef = 18AEC31521EF48C10025BBF7 /* ViewController.swift */; };
/* End PBXBuildFile section */

/* Begin PBXFileReference section */
		18AEC2E521EF12CA0025BBF7 /* JsAppInteractive.app */ = {isa = PBXFileReference; explicitFileType = wrapper.application; includeInIndex = 0; path = JsAppInteractive.app; sourceTree = BUILT_PRODUCTS_DIR; };
		18AEC2E821EF12CA0025BBF7 /* AppDelegate.swift */ = {isa = PBXFileReference; lastKnownFileType = sourcecode.swift; path = AppDelegate.swift; sourceTree = "<group>"; };
		18AEC2EA21EF12CA0025BBF7 /* JsAppInteractiveController.swift */ = {isa = PBXFileReference; lastKnownFileType = sourcecode.swift; path = JsAppInteractiveController.swift; sourceTree = "<group>"; };
		18AEC2ED21EF12CA0025BBF7 /* Base */ = {isa = PBXFileReference; lastKnownFileType = file.storyboard; name = Base; path = Base.lproj/Main.storyboard; sourceTree = "<group>"; };
		18AEC2EF21EF12CC0025BBF7 /* Assets.xcassets */ = {isa = PBXFileReference; lastKnownFileType = folder.assetcatalog; path = Assets.xcassets; sourceTree = "<group>"; };
		18AEC2F221EF12CC0025BBF7 /* Base */ = {isa = PBXFileReference; lastKnownFileType = file.storyboard; name = Base; path = Base.lproj/LaunchScreen.storyboard; sourceTree = "<group>"; };
		18AEC2F421EF12CC0025BBF7 /* Info.plist */ = {isa = PBXFileReference; lastKnownFileType = text.plist.xml; path = Info.plist; sourceTree = "<group>"; };
		18AEC2FA21EF12F90025BBF7 /* JLXXWKWebViewController.swift */ = {isa = PBXFileReference; fileEncoding = 4; lastKnownFileType = sourcecode.swift; path = JLXXWKWebViewController.swift; sourceTree = "<group>"; };
		18AEC30521EF17B10025BBF7 /* UrlStringFromBundle.swift */ = {isa = PBXFileReference; fileEncoding = 4; lastKnownFileType = sourcecode.swift; path = UrlStringFromBundle.swift; sourceTree = "<group>"; };
		18AEC30721EF24D30025BBF7 /* web.bundle */ = {isa = PBXFileReference; lastKnownFileType = "wrapper.plug-in"; path = web.bundle; sourceTree = "<group>"; };
		18AEC30921EF332A0025BBF7 /* 我在不在web文件夹下?.txt */ = {isa = PBXFileReference; fileEncoding = 4; lastKnownFileType = text; path = "我在不在web文件夹下?.txt"; sourceTree = "<group>"; };
		18AEC30B21EF36070025BBF7 /* web2.bundle */ = {isa = PBXFileReference; lastKnownFileType = "wrapper.plug-in"; path = web2.bundle; sourceTree = "<group>"; };
		18AEC30D21EF366D0025BBF7 /* HashPathController.swift */ = {isa = PBXFileReference; lastKnownFileType = sourcecode.swift; path = HashPathController.swift; sourceTree = "<group>"; };
		18AEC30F21EF37D00025BBF7 /* DeveloperController.swift */ = {isa = PBXFileReference; fileEncoding = 4; lastKnownFileType = sourcecode.swift; path = DeveloperController.swift; sourceTree = "<group>"; };
		18AEC31021EF37D10025BBF7 /* EventDetailController.swift */ = {isa = PBXFileReference; fileEncoding = 4; lastKnownFileType = sourcecode.swift; path = EventDetailController.swift; sourceTree = "<group>"; };
		18AEC31121EF37D10025BBF7 /* ReplyDetailController.swift */ = {isa = PBXFileReference; fileEncoding = 4; lastKnownFileType = sourcecode.swift; path = ReplyDetailController.swift; sourceTree = "<group>"; };
		18AEC31521EF48C10025BBF7 /* ViewController.swift */ = {isa = PBXFileReference; lastKnownFileType = sourcecode.swift; path = ViewController.swift; sourceTree = "<group>"; };
/* End PBXFileReference section */

/* Begin PBXFrameworksBuildPhase section */
		18AEC2E221EF12CA0025BBF7 /* Frameworks */ = {
			isa = PBXFrameworksBuildPhase;
			buildActionMask = 2147483647;
			files = (
			);
			runOnlyForDeploymentPostprocessing = 0;
		};
/* End PBXFrameworksBuildPhase section */

/* Begin PBXGroup section */
		18AEC2DC21EF12CA0025BBF7 = {
			isa = PBXGroup;
			children = (
				18AEC2E721EF12CA0025BBF7 /* JsAppInteractive */,
				18AEC2E621EF12CA0025BBF7 /* Products */,
			);
			sourceTree = "<group>";
		};
		18AEC2E621EF12CA0025BBF7 /* Products */ = {
			isa = PBXGroup;
			children = (
				18AEC2E521EF12CA0025BBF7 /* JsAppInteractive.app */,
			);
			name = Products;
			sourceTree = "<group>";
		};
		18AEC2E721EF12CA0025BBF7 /* JsAppInteractive */ = {
			isa = PBXGroup;
			children = (
				18AEC2FE21EF17780025BBF7 /* Extension */,
				18AEC2FD21EF16F70025BBF7 /* Web */,
				18AEC2FC21EF12FC0025BBF7 /* Base */,
				18AEC2E821EF12CA0025BBF7 /* AppDelegate.swift */,
				18AEC31521EF48C10025BBF7 /* ViewController.swift */,
				18AEC2EA21EF12CA0025BBF7 /* JsAppInteractiveController.swift */,
				18AEC30D21EF366D0025BBF7 /* HashPathController.swift */,
				18AEC30F21EF37D00025BBF7 /* DeveloperController.swift */,
				18AEC31021EF37D10025BBF7 /* EventDetailController.swift */,
				18AEC31121EF37D10025BBF7 /* ReplyDetailController.swift */,
				18AEC2EC21EF12CA0025BBF7 /* Main.storyboard */,
				18AEC2EF21EF12CC0025BBF7 /* Assets.xcassets */,
				18AEC2F121EF12CC0025BBF7 /* LaunchScreen.storyboard */,
				18AEC2F421EF12CC0025BBF7 /* Info.plist */,
			);
			path = JsAppInteractive;
			sourceTree = "<group>";
		};
		18AEC2FC21EF12FC0025BBF7 /* Base */ = {
			isa = PBXGroup;
			children = (
				18AEC2FA21EF12F90025BBF7 /* JLXXWKWebViewController.swift */,
			);
			path = Base;
			sourceTree = "<group>";
		};
		18AEC2FD21EF16F70025BBF7 /* Web */ = {
			isa = PBXGroup;
			children = (
				18AEC30721EF24D30025BBF7 /* web.bundle */,
				18AEC30B21EF36070025BBF7 /* web2.bundle */,
				18AEC30921EF332A0025BBF7 /* 我在不在web文件夹下?.txt */,
			);
			path = Web;
			sourceTree = "<group>";
		};
		18AEC2FE21EF17780025BBF7 /* Extension */ = {
			isa = PBXGroup;
			children = (
				18AEC30521EF17B10025BBF7 /* UrlStringFromBundle.swift */,
			);
			path = Extension;
			sourceTree = "<group>";
		};
/* End PBXGroup section */

/* Begin PBXNativeTarget section */
		18AEC2E421EF12CA0025BBF7 /* JsAppInteractive */ = {
			isa = PBXNativeTarget;
			buildConfigurationList = 18AEC2F721EF12CC0025BBF7 /* Build configuration list for PBXNativeTarget "JsAppInteractive" */;
			buildPhases = (
				18AEC2E121EF12CA0025BBF7 /* Sources */,
				18AEC2E221EF12CA0025BBF7 /* Frameworks */,
				18AEC2E321EF12CA0025BBF7 /* Resources */,
			);
			buildRules = (
			);
			dependencies = (
			);
			name = JsAppInteractive;
			productName = JsAppInteractive;
			productReference = 18AEC2E521EF12CA0025BBF7 /* JsAppInteractive.app */;
			productType = "com.apple.product-type.application";
		};
/* End PBXNativeTarget section */

/* Begin PBXProject section */
		18AEC2DD21EF12CA0025BBF7 /* Project object */ = {
			isa = PBXProject;
			attributes = {
				LastSwiftUpdateCheck = 0930;
				LastUpgradeCheck = 0930;
				ORGANIZATIONNAME = JLXX;
				TargetAttributes = {
					18AEC2E421EF12CA0025BBF7 = {
						CreatedOnToolsVersion = 9.3;
					};
				};
			};
			buildConfigurationList = 18AEC2E021EF12CA0025BBF7 /* Build configuration list for PBXProject "JsAppInteractive" */;
			compatibilityVersion = "Xcode 9.3";
			developmentRegion = en;
			hasScannedForEncodings = 0;
			knownRegions = (
				en,
				Base,
			);
			mainGroup = 18AEC2DC21EF12CA0025BBF7;
			productRefGroup = 18AEC2E621EF12CA0025BBF7 /* Products */;
			projectDirPath = "";
			projectRoot = "";
			targets = (
				18AEC2E421EF12CA0025BBF7 /* JsAppInteractive */,
			);
		};
/* End PBXProject section */

/* Begin PBXResourcesBuildPhase section */
		18AEC2E321EF12CA0025BBF7 /* Resources */ = {
			isa = PBXResourcesBuildPhase;
			buildActionMask = 2147483647;
			files = (
				18AEC30A21EF332A0025BBF7 /* 我在不在web文件夹下?.txt in Resources */,
				18AEC30821EF24D30025BBF7 /* web.bundle in Resources */,
				18AEC2F321EF12CC0025BBF7 /* LaunchScreen.storyboard in Resources */,
				18AEC30C21EF36070025BBF7 /* web2.bundle in Resources */,
				18AEC2F021EF12CC0025BBF7 /* Assets.xcassets in Resources */,
				18AEC2EE21EF12CA0025BBF7 /* Main.storyboard in Resources */,
			);
			runOnlyForDeploymentPostprocessing = 0;
		};
/* End PBXResourcesBuildPhase section */

/* Begin PBXSourcesBuildPhase section */
		18AEC2E121EF12CA0025BBF7 /* Sources */ = {
			isa = PBXSourcesBuildPhase;
			buildActionMask = 2147483647;
			files = (
				18AEC31221EF37D10025BBF7 /* DeveloperController.swift in Sources */,
				18AEC31421EF37D10025BBF7 /* ReplyDetailController.swift in Sources */,
				18AEC2FB21EF12F90025BBF7 /* JLXXWKWebViewController.swift in Sources */,
				18AEC31621EF48C10025BBF7 /* ViewController.swift in Sources */,
				18AEC2EB21EF12CA0025BBF7 /* JsAppInteractiveController.swift in Sources */,
				18AEC30621EF17B10025BBF7 /* UrlStringFromBundle.swift in Sources */,
				18AEC2E921EF12CA0025BBF7 /* AppDelegate.swift in Sources */,
				18AEC30E21EF366D0025BBF7 /* HashPathController.swift in Sources */,
				18AEC31321EF37D10025BBF7 /* EventDetailController.swift in Sources */,
			);
			runOnlyForDeploymentPostprocessing = 0;
		};
/* End PBXSourcesBuildPhase section */

/* Begin PBXVariantGroup section */
		18AEC2EC21EF12CA0025BBF7 /* Main.storyboard */ = {
			isa = PBXVariantGroup;
			children = (
				18AEC2ED21EF12CA0025BBF7 /* Base */,
			);
			name = Main.storyboard;
			sourceTree = "<group>";
		};
		18AEC2F121EF12CC0025BBF7 /* LaunchScreen.storyboard */ = {
			isa = PBXVariantGroup;
			children = (
				18AEC2F221EF12CC0025BBF7 /* Base */,
			);
			name = LaunchScreen.storyboard;
			sourceTree = "<group>";
		};
/* End PBXVariantGroup section */

/* Begin XCBuildConfiguration section */
		18AEC2F521EF12CC0025BBF7 /* Debug */ = {
			isa = XCBuildConfiguration;
			buildSettings = {
				ALWAYS_SEARCH_USER_PATHS = NO;
				CLANG_ANALYZER_NONNULL = YES;
				CLANG_ANALYZER_NUMBER_OBJECT_CONVERSION = YES_AGGRESSIVE;
				CLANG_CXX_LANGUAGE_STANDARD = "gnu++14";
				CLANG_CXX_LIBRARY = "libc++";
				CLANG_ENABLE_MODULES = YES;
				CLANG_ENABLE_OBJC_ARC = YES;
				CLANG_ENABLE_OBJC_WEAK = YES;
				CLANG_WARN_BLOCK_CAPTURE_AUTORELEASING = YES;
				CLANG_WARN_BOOL_CONVERSION = YES;
				CLANG_WARN_COMMA = YES;
				CLANG_WARN_CONSTANT_CONVERSION = YES;
				CLANG_WARN_DEPRECATED_OBJC_IMPLEMENTATIONS = YES;
				CLANG_WARN_DIRECT_OBJC_ISA_USAGE = YES_ERROR;
				CLANG_WARN_DOCUMENTATION_COMMENTS = YES;
				CLANG_WARN_EMPTY_BODY = YES;
				CLANG_WARN_ENUM_CONVERSION = YES;
				CLANG_WARN_INFINITE_RECURSION = YES;
				CLANG_WARN_INT_CONVERSION = YES;
				CLANG_WARN_NON_LITERAL_NULL_CONVERSION = YES;
				CLANG_WARN_OBJC_IMPLICIT_RETAIN_SELF = YES;
				CLANG_WARN_OBJC_LITERAL_CONVERSION = YES;
				CLANG_WARN_OBJC_ROOT_CLASS = YES_ERROR;
				CLANG_WARN_RANGE_LOOP_ANALYSIS = YES;
				CLANG_WARN_STRICT_PROTOTYPES = YES;
				CLANG_WARN_SUSPICIOUS_MOVE = YES;
				CLANG_WARN_UNGUARDED_AVAILABILITY = YES_AGGRESSIVE;
				CLANG_WARN_UNREACHABLE_CODE = YES;
				CLANG_WARN__DUPLICATE_METHOD_MATCH = YES;
				CODE_SIGN_IDENTITY = "iPhone Developer";
				COPY_PHASE_STRIP = NO;
				DEBUG_INFORMATION_FORMAT = dwarf;
				ENABLE_STRICT_OBJC_MSGSEND = YES;
				ENABLE_TESTABILITY = YES;
				GCC_C_LANGUAGE_STANDARD = gnu11;
				GCC_DYNAMIC_NO_PIC = NO;
				GCC_NO_COMMON_BLOCKS = YES;
				GCC_OPTIMIZATION_LEVEL = 0;
				GCC_PREPROCESSOR_DEFINITIONS = (
					"DEBUG=1",
					"$(inherited)",
				);
				GCC_WARN_64_TO_32_BIT_CONVERSION = YES;
				GCC_WARN_ABOUT_RETURN_TYPE = YES_ERROR;
				GCC_WARN_UNDECLARED_SELECTOR = YES;
				GCC_WARN_UNINITIALIZED_AUTOS = YES_AGGRESSIVE;
				GCC_WARN_UNUSED_FUNCTION = YES;
				GCC_WARN_UNUSED_VARIABLE = YES;
				IPHONEOS_DEPLOYMENT_TARGET = 11.3;
				MTL_ENABLE_DEBUG_INFO = YES;
				ONLY_ACTIVE_ARCH = YES;
				SDKROOT = iphoneos;
				SWIFT_ACTIVE_COMPILATION_CONDITIONS = DEBUG;
				SWIFT_OPTIMIZATION_LEVEL = "-Onone";
			};
			name = Debug;
		};
		18AEC2F621EF12CC0025BBF7 /* Release */ = {
			isa = XCBuildConfiguration;
			buildSettings = {
				ALWAYS_SEARCH_USER_PATHS = NO;
				CLANG_ANALYZER_NONNULL = YES;
				CLANG_ANALYZER_NUMBER_OBJECT_CONVERSION = YES_AGGRESSIVE;
				CLANG_CXX_LANGUAGE_STANDARD = "gnu++14";
				CLANG_CXX_LIBRARY = "libc++";
				CLANG_ENABLE_MODULES = YES;
				CLANG_ENABLE_OBJC_ARC = YES;
				CLANG_ENABLE_OBJC_WEAK = YES;
				CLANG_WARN_BLOCK_CAPTURE_AUTORELEASING = YES;
				CLANG_WARN_BOOL_CONVERSION = YES;
				CLANG_WARN_COMMA = YES;
				CLANG_WARN_CONSTANT_CONVERSION = YES;
				CLANG_WARN_DEPRECATED_OBJC_IMPLEMENTATIONS = YES;
				CLANG_WARN_DIRECT_OBJC_ISA_USAGE = YES_ERROR;
				CLANG_WARN_DOCUMENTATION_COMMENTS = YES;
				CLANG_WARN_EMPTY_BODY = YES;
				CLANG_WARN_ENUM_CONVERSION = YES;
				CLANG_WARN_INFINITE_RECURSION = YES;
				CLANG_WARN_INT_CONVERSION = YES;
				CLANG_WARN_NON_LITERAL_NULL_CONVERSION = YES;
				CLANG_WARN_OBJC_IMPLICIT_RETAIN_SELF = YES;
				CLANG_WARN_OBJC_LITERAL_CONVERSION = YES;
				CLANG_WARN_OBJC_ROOT_CLASS = YES_ERROR;
				CLANG_WARN_RANGE_LOOP_ANALYSIS = YES;
				CLANG_WARN_STRICT_PROTOTYPES = YES;
				CLANG_WARN_SUSPICIOUS_MOVE = YES;
				CLANG_WARN_UNGUARDED_AVAILABILITY = YES_AGGRESSIVE;
				CLANG_WARN_UNREACHABLE_CODE = YES;
				CLANG_WARN__DUPLICATE_METHOD_MATCH = YES;
				CODE_SIGN_IDENTITY = "iPhone Developer";
				COPY_PHASE_STRIP = NO;
				DEBUG_INFORMATION_FORMAT = "dwarf-with-dsym";
				ENABLE_NS_ASSERTIONS = NO;
				ENABLE_STRICT_OBJC_MSGSEND = YES;
				GCC_C_LANGUAGE_STANDARD = gnu11;
				GCC_NO_COMMON_BLOCKS = YES;
				GCC_WARN_64_TO_32_BIT_CONVERSION = YES;
				GCC_WARN_ABOUT_RETURN_TYPE = YES_ERROR;
				GCC_WARN_UNDECLARED_SELECTOR = YES;
				GCC_WARN_UNINITIALIZED_AUTOS = YES_AGGRESSIVE;
				GCC_WARN_UNUSED_FUNCTION = YES;
				GCC_WARN_UNUSED_VARIABLE = YES;
				IPHONEOS_DEPLOYMENT_TARGET = 11.3;
				MTL_ENABLE_DEBUG_INFO = NO;
				SDKROOT = iphoneos;
				SWIFT_COMPILATION_MODE = wholemodule;
				SWIFT_OPTIMIZATION_LEVEL = "-O";
				VALIDATE_PRODUCT = YES;
			};
			name = Release;
		};
		18AEC2F821EF12CC0025BBF7 /* Debug */ = {
			isa = XCBuildConfiguration;
			buildSettings = {
				ASSETCATALOG_COMPILER_APPICON_NAME = AppIcon;
				CODE_SIGN_STYLE = Automatic;
				INFOPLIST_FILE = JsAppInteractive/Info.plist;
				LD_RUNPATH_SEARCH_PATHS = (
					"$(inherited)",
					"@executable_path/Frameworks",
				);
				PRODUCT_BUNDLE_IDENTIFIER = JLXX.JsAppInteractive;
				PRODUCT_NAME = "$(TARGET_NAME)";
				SWIFT_VERSION = 4.0;
				TARGETED_DEVICE_FAMILY = "1,2";
			};
			name = Debug;
		};
		18AEC2F921EF12CC0025BBF7 /* Release */ = {
			isa = XCBuildConfiguration;
			buildSettings = {
				ASSETCATALOG_COMPILER_APPICON_NAME = AppIcon;
				CODE_SIGN_STYLE = Automatic;
				INFOPLIST_FILE = JsAppInteractive/Info.plist;
				LD_RUNPATH_SEARCH_PATHS = (
					"$(inherited)",
					"@executable_path/Frameworks",
				);
				PRODUCT_BUNDLE_IDENTIFIER = JLXX.JsAppInteractive;
				PRODUCT_NAME = "$(TARGET_NAME)";
				SWIFT_VERSION = 4.0;
				TARGETED_DEVICE_FAMILY = "1,2";
			};
			name = Release;
		};
/* End XCBuildConfiguration section */

/* Begin XCConfigurationList section */
		18AEC2E021EF12CA0025BBF7 /* Build configuration list for PBXProject "JsAppInteractive" */ = {
			isa = XCConfigurationList;
			buildConfigurations = (
				18AEC2F521EF12CC0025BBF7 /* Debug */,
				18AEC2F621EF12CC0025BBF7 /* Release */,
			);
			defaultConfigurationIsVisible = 0;
			defaultConfigurationName = Release;
		};
		18AEC2F721EF12CC0025BBF7 /* Build configuration list for PBXNativeTarget "JsAppInteractive" */ = {
			isa = XCConfigurationList;
			buildConfigurations = (
				18AEC2F821EF12CC0025BBF7 /* Debug */,
				18AEC2F921EF12CC0025BBF7 /* Release */,
			);
			defaultConfigurationIsVisible = 0;
			defaultConfigurationName = Release;
		};
/* End XCConfigurationList section */
	};
	rootObject = 18AEC2DD21EF12CA0025BBF7 /* Project object */;
}
